
Microsoft Visual Studio Solution File, Format Version 12.00
# Visual Studio Version 17
VisualStudioVersion = 17.11.35303.130
MinimumVisualStudioVersion = 10.0.40219.1
Project("{FAE04EC0-301F-11D3-BF4B-00C04F79EFBC}") = "BACKBONE.DB", "BACKBONE.DB\BACKBONE.DB.csproj", "{836A8919-6D81-4CF1-BC33-6BCC7005A620}"
EndProject
Project("{FAE04EC0-301F-11D3-BF4B-00C04F79EFBC}") = "BACKBONE.Application", "BACKBONE.Application\BACKBONE.Application.csproj", "{A6E6A91D-49BE-4DAB-AC44-3A7532C355C0}"
EndProject
Project("{FAE04EC0-301F-11D3-BF4B-00C04F79EFBC}") = "BACKBONE.Core", "BACKBONE.Core\BACKBONE.Core.csproj", "{4FADD1E8-3096-4101-907A-C6B2540973AB}"
EndProject
Project("{FAE04EC0-301F-11D3-BF4B-00C04F79EFBC}") = "BACKBONE.Infrastructure", "BACKBONE.Infrastructure\BACKBONE.Infrastructure.csproj", "{4862DB5F-306E-443F-8989-CD1E60FD0878}"
EndProject
Project("{FAE04EC0-301F-11D3-BF4B-00C04F79EFBC}") = "BACKBONE.EpyDispatch", "BACKBONE.EpyDispatch\BACKBONE.EpyDispatch.csproj", "{5366978F-5554-4023-A23E-72BADB339677}"
EndProject
Global
	GlobalSection(SolutionConfigurationPlatforms) = preSolution
		Debug|Any CPU = Debug|Any CPU
		Release|Any CPU = Release|Any CPU
	EndGlobalSection
	GlobalSection(ProjectConfigurationPlatforms) = postSolution
		{836A8919-6D81-4CF1-BC33-6BCC7005A620}.Debug|Any CPU.ActiveCfg = Debug|Any CPU
		{836A8919-6D81-4CF1-BC33-6BCC7005A620}.Debug|Any CPU.Build.0 = Debug|Any CPU
		{836A8919-6D81-4CF1-BC33-6BCC7005A620}.Release|Any CPU.ActiveCfg = Release|Any CPU
		{836A8919-6D81-4CF1-BC33-6BCC7005A620}.Release|Any CPU.Build.0 = Release|Any CPU
		{A6E6A91D-49BE-4DAB-AC44-3A7532C355C0}.Debug|Any CPU.ActiveCfg = Debug|Any CPU
		{A6E6A91D-49BE-4DAB-AC44-3A7532C355C0}.Debug|Any CPU.Build.0 = Debug|Any CPU
		{A6E6A91D-49BE-4DAB-AC44-3A7532C355C0}.Release|Any CPU.ActiveCfg = Release|Any CPU
		{A6E6A91D-49BE-4DAB-AC44-3A7532C355C0}.Release|Any CPU.Build.0 = Release|Any CPU
		{4FADD1E8-3096-4101-907A-C6B2540973AB}.Debug|Any CPU.ActiveCfg = Debug|Any CPU
		{4FADD1E8-3096-4101-907A-C6B2540973AB}.Debug|Any CPU.Build.0 = Debug|Any CPU
		{4FADD1E8-3096-4101-907A-C6B2540973AB}.Release|Any CPU.ActiveCfg = Release|Any CPU
		{4FADD1E8-3096-4101-907A-C6B2540973AB}.Release|Any CPU.Build.0 = Release|Any CPU
		{4862DB5F-306E-443F-8989-CD1E60FD0878}.Debug|Any CPU.ActiveCfg = Debug|Any CPU
		{4862DB5F-306E-443F-8989-CD1E60FD0878}.Debug|Any CPU.Build.0 = Debug|Any CPU
		{4862DB5F-306E-443F-8989-CD1E60FD0878}.Release|Any CPU.ActiveCfg = Release|Any CPU
		{4862DB5F-306E-443F-8989-CD1E60FD0878}.Release|Any CPU.Build.0 = Release|Any CPU
		{5366978F-5554-4023-A23E-72BADB339677}.Debug|Any CPU.ActiveCfg = Debug|Any CPU
		{5366978F-5554-4023-A23E-72BADB339677}.Debug|Any CPU.Build.0 = Debug|Any CPU
		{5366978F-5554-4023-A23E-72BADB339677}.Release|Any CPU.ActiveCfg = Release|Any CPU
		{5366978F-5554-4023-A23E-72BADB339677}.Release|Any CPU.Build.0 = Release|Any CPU
	EndGlobalSection
	GlobalSection(SolutionProperties) = preSolution
		HideSolutionNode = FALSE
	EndGlobalSection
	GlobalSection(ExtensibilityGlobals) = postSolution
		SolutionGuid = {6815104B-CF04-48E6-896A-7EB7CA1F3AA8}
	EndGlobalSection
EndGlobal
